
Microsoft Visual Studio Solution File, Format Version 12.00
# Visual Studio Version 17
VisualStudioVersion = 17.14.36310.24 d17.14
MinimumVisualStudioVersion = 10.0.40219.1
Project("{FAE04EC0-301F-11D3-BF4B-00C04F79EFBC}") = "Duel_Penyihir", "Duel_Penyihir\Duel_Penyihir.csproj", "{01DFE6DC-61C4-4C90-9809-297D0D7F2987}"
EndProject
Global
	GlobalSection(SolutionConfigurationPlatforms) = preSolution
		Debug|Any CPU = Debug|Any CPU
		Release|Any CPU = Release|Any CPU
	EndGlobalSection
	GlobalSection(ProjectConfigurationPlatforms) = postSolution
		{01DFE6DC-61C4-4C90-9809-297D0D7F2987}.Debug|Any CPU.ActiveCfg = Debug|Any CPU
		{01DFE6DC-61C4-4C90-9809-297D0D7F2987}.Debug|Any CPU.Build.0 = Debug|Any CPU
		{01DFE6DC-61C4-4C90-9809-297D0D7F2987}.Release|Any CPU.ActiveCfg = Release|Any CPU
		{01DFE6DC-61C4-4C90-9809-297D0D7F2987}.Release|Any CPU.Build.0 = Release|Any CPU
	EndGlobalSection
	GlobalSection(SolutionProperties) = preSolution
		HideSolutionNode = FALSE
	EndGlobalSection
	GlobalSection(ExtensibilityGlobals) = postSolution
		SolutionGuid = {7BF56562-44B4-4CAC-A8E2-D24953B1DC39}
	EndGlobalSection
EndGlobal
